
Microsoft Visual Studio Solution File, Format Version 12.00
# Visual Studio Version 16
VisualStudioVersion = 16.0.31313.79
MinimumVisualStudioVersion = 10.0.40219.1
Project("{9A19103F-16F7-4668-BE54-9A1E7A4F7556}") = "Geekon", "Geekon\Geekon.csproj", "{15A449AC-AA58-4CC4-B726-0FFC5B6616C1}"
EndProject
Project("{9A19103F-16F7-4668-BE54-9A1E7A4F7556}") = "unitTests", "..\unitTests\unitTests.csproj", "{3EB54846-B0B7-4FA2-8D50-B011484126EF}"
EndProject
Global
	GlobalSection(SolutionConfigurationPlatforms) = preSolution
		Debug|Any CPU = Debug|Any CPU
		Release|Any CPU = Release|Any CPU
	EndGlobalSection
	GlobalSection(ProjectConfigurationPlatforms) = postSolution
		{15A449AC-AA58-4CC4-B726-0FFC5B6616C1}.Debug|Any CPU.ActiveCfg = Debug|Any CPU
		{15A449AC-AA58-4CC4-B726-0FFC5B6616C1}.Debug|Any CPU.Build.0 = Debug|Any CPU
		{15A449AC-AA58-4CC4-B726-0FFC5B6616C1}.Release|Any CPU.ActiveCfg = Release|Any CPU
		{15A449AC-AA58-4CC4-B726-0FFC5B6616C1}.Release|Any CPU.Build.0 = Release|Any CPU
		{3EB54846-B0B7-4FA2-8D50-B011484126EF}.Debug|Any CPU.ActiveCfg = Debug|Any CPU
		{3EB54846-B0B7-4FA2-8D50-B011484126EF}.Debug|Any CPU.Build.0 = Debug|Any CPU
		{3EB54846-B0B7-4FA2-8D50-B011484126EF}.Release|Any CPU.ActiveCfg = Release|Any CPU
		{3EB54846-B0B7-4FA2-8D50-B011484126EF}.Release|Any CPU.Build.0 = Release|Any CPU
	EndGlobalSection
	GlobalSection(SolutionProperties) = preSolution
		HideSolutionNode = FALSE
	EndGlobalSection
	GlobalSection(ExtensibilityGlobals) = postSolution
		SolutionGuid = {DA171C3F-E334-4281-A13C-02BF60F11093}
	EndGlobalSection
EndGlobal
